// !$*UTF8*$!
{
	archiveVersion = 1;
	classes = {
	};
	objectVersion = 50;
	objects = {

/* Begin PBXBuildFile section */
		531B562824CC492600BD438F /* FollowersListViewController.swift in Sources */ = {isa = PBXBuildFile; fileRef = 531B562724CC492600BD438F /* FollowersListViewController.swift */; };
		531B562A24CC5F5900BD438F /* GFTitleLabel.swift in Sources */ = {isa = PBXBuildFile; fileRef = 531B562924CC5F5900BD438F /* GFTitleLabel.swift */; };
		531B562C24CC628A00BD438F /* GFBodyLabel.swift in Sources */ = {isa = PBXBuildFile; fileRef = 531B562B24CC628A00BD438F /* GFBodyLabel.swift */; };
		531B562E24CC639A00BD438F /* GFAlertViewController.swift in Sources */ = {isa = PBXBuildFile; fileRef = 531B562D24CC639A00BD438F /* GFAlertViewController.swift */; };
		531B563024CC846E00BD438F /* UIViewController+Alert.swift in Sources */ = {isa = PBXBuildFile; fileRef = 531B562F24CC846E00BD438F /* UIViewController+Alert.swift */; };
		531B56EB24CEC83800BD438F /* Follower.swift in Sources */ = {isa = PBXBuildFile; fileRef = 531B56EA24CEC83800BD438F /* Follower.swift */; };
		531B56ED24CEC9E600BD438F /* User.swift in Sources */ = {isa = PBXBuildFile; fileRef = 531B56EC24CEC9E600BD438F /* User.swift */; };
		53814D6624C96EBE00D3D3CE /* AppDelegate.swift in Sources */ = {isa = PBXBuildFile; fileRef = 53814D6524C96EBE00D3D3CE /* AppDelegate.swift */; };
		53814D6824C96EBE00D3D3CE /* SceneDelegate.swift in Sources */ = {isa = PBXBuildFile; fileRef = 53814D6724C96EBE00D3D3CE /* SceneDelegate.swift */; };
		53814D6F24C96EC300D3D3CE /* Assets.xcassets in Resources */ = {isa = PBXBuildFile; fileRef = 53814D6E24C96EC300D3D3CE /* Assets.xcassets */; };
		53814D7224C96EC300D3D3CE /* LaunchScreen.storyboard in Resources */ = {isa = PBXBuildFile; fileRef = 53814D7024C96EC300D3D3CE /* LaunchScreen.storyboard */; };
		53814D7A24C9839800D3D3CE /* SearchViewController.swift in Sources */ = {isa = PBXBuildFile; fileRef = 53814D7924C9839800D3D3CE /* SearchViewController.swift */; };
		53814D7C24C983BD00D3D3CE /* FavoritesViewController.swift in Sources */ = {isa = PBXBuildFile; fileRef = 53814D7B24C983BD00D3D3CE /* FavoritesViewController.swift */; };
		53814D7E24C9A55E00D3D3CE /* GFButton.swift in Sources */ = {isa = PBXBuildFile; fileRef = 53814D7D24C9A55E00D3D3CE /* GFButton.swift */; };
		53814D8024C9A6D400D3D3CE /* GFTextField.swift in Sources */ = {isa = PBXBuildFile; fileRef = 53814D7F24C9A6D400D3D3CE /* GFTextField.swift */; };
/* End PBXBuildFile section */

/* Begin PBXFileReference section */
		531B562724CC492600BD438F /* FollowersListViewController.swift */ = {isa = PBXFileReference; lastKnownFileType = sourcecode.swift; path = FollowersListViewController.swift; sourceTree = "<group>"; };
		531B562924CC5F5900BD438F /* GFTitleLabel.swift */ = {isa = PBXFileReference; lastKnownFileType = sourcecode.swift; path = GFTitleLabel.swift; sourceTree = "<group>"; };
		531B562B24CC628A00BD438F /* GFBodyLabel.swift */ = {isa = PBXFileReference; lastKnownFileType = sourcecode.swift; path = GFBodyLabel.swift; sourceTree = "<group>"; };
		531B562D24CC639A00BD438F /* GFAlertViewController.swift */ = {isa = PBXFileReference; lastKnownFileType = sourcecode.swift; path = GFAlertViewController.swift; sourceTree = "<group>"; };
		531B562F24CC846E00BD438F /* UIViewController+Alert.swift */ = {isa = PBXFileReference; lastKnownFileType = sourcecode.swift; path = "UIViewController+Alert.swift"; sourceTree = "<group>"; };
		531B56EA24CEC83800BD438F /* Follower.swift */ = {isa = PBXFileReference; lastKnownFileType = sourcecode.swift; path = Follower.swift; sourceTree = "<group>"; };
		531B56EC24CEC9E600BD438F /* User.swift */ = {isa = PBXFileReference; lastKnownFileType = sourcecode.swift; path = User.swift; sourceTree = "<group>"; };
		53814D6224C96EBD00D3D3CE /* Github followers.app */ = {isa = PBXFileReference; explicitFileType = wrapper.application; includeInIndex = 0; path = "Github followers.app"; sourceTree = BUILT_PRODUCTS_DIR; };
		53814D6524C96EBE00D3D3CE /* AppDelegate.swift */ = {isa = PBXFileReference; lastKnownFileType = sourcecode.swift; path = AppDelegate.swift; sourceTree = "<group>"; };
		53814D6724C96EBE00D3D3CE /* SceneDelegate.swift */ = {isa = PBXFileReference; lastKnownFileType = sourcecode.swift; path = SceneDelegate.swift; sourceTree = "<group>"; };
		53814D6E24C96EC300D3D3CE /* Assets.xcassets */ = {isa = PBXFileReference; lastKnownFileType = folder.assetcatalog; path = Assets.xcassets; sourceTree = "<group>"; };
		53814D7124C96EC300D3D3CE /* Base */ = {isa = PBXFileReference; lastKnownFileType = file.storyboard; name = Base; path = Base.lproj/LaunchScreen.storyboard; sourceTree = "<group>"; };
		53814D7324C96EC300D3D3CE /* Info.plist */ = {isa = PBXFileReference; lastKnownFileType = text.plist.xml; path = Info.plist; sourceTree = "<group>"; };
		53814D7924C9839800D3D3CE /* SearchViewController.swift */ = {isa = PBXFileReference; lastKnownFileType = sourcecode.swift; path = SearchViewController.swift; sourceTree = "<group>"; };
		53814D7B24C983BD00D3D3CE /* FavoritesViewController.swift */ = {isa = PBXFileReference; lastKnownFileType = sourcecode.swift; path = FavoritesViewController.swift; sourceTree = "<group>"; };
		53814D7D24C9A55E00D3D3CE /* GFButton.swift */ = {isa = PBXFileReference; lastKnownFileType = sourcecode.swift; path = GFButton.swift; sourceTree = "<group>"; };
		53814D7F24C9A6D400D3D3CE /* GFTextField.swift */ = {isa = PBXFileReference; lastKnownFileType = sourcecode.swift; path = GFTextField.swift; sourceTree = "<group>"; };
/* End PBXFileReference section */

/* Begin PBXFrameworksBuildPhase section */
		53814D5F24C96EBD00D3D3CE /* Frameworks */ = {
			isa = PBXFrameworksBuildPhase;
			buildActionMask = 2147483647;
			files = (
			);
			runOnlyForDeploymentPostprocessing = 0;
		};
/* End PBXFrameworksBuildPhase section */

/* Begin PBXGroup section */
		531B56E524CEC2B900BD438F /* Screens */ = {
			isa = PBXGroup;
			children = (
				53814D7B24C983BD00D3D3CE /* FavoritesViewController.swift */,
				531B562724CC492600BD438F /* FollowersListViewController.swift */,
				53814D7924C9839800D3D3CE /* SearchViewController.swift */,
			);
			path = Screens;
			sourceTree = "<group>";
		};
		531B56E624CEC2D200BD438F /* Custom Views */ = {
			isa = PBXGroup;
			children = (
				531B562924CC5F5900BD438F /* GFTitleLabel.swift */,
				531B562B24CC628A00BD438F /* GFBodyLabel.swift */,
				53814D7D24C9A55E00D3D3CE /* GFButton.swift */,
				53814D7F24C9A6D400D3D3CE /* GFTextField.swift */,
				531B562D24CC639A00BD438F /* GFAlertViewController.swift */,
			);
			path = "Custom Views";
			sourceTree = "<group>";
		};
		531B56E724CEC33A00BD438F /* Extensions */ = {
			isa = PBXGroup;
			children = (
				531B562F24CC846E00BD438F /* UIViewController+Alert.swift */,
			);
			path = Extensions;
			sourceTree = "<group>";
		};
		531B56E824CEC34600BD438F /* Support */ = {
			isa = PBXGroup;
			children = (
				53814D6524C96EBE00D3D3CE /* AppDelegate.swift */,
				53814D6724C96EBE00D3D3CE /* SceneDelegate.swift */,
				53814D6E24C96EC300D3D3CE /* Assets.xcassets */,
				53814D7024C96EC300D3D3CE /* LaunchScreen.storyboard */,
				53814D7324C96EC300D3D3CE /* Info.plist */,
			);
			path = Support;
			sourceTree = "<group>";
		};
		531B56E924CEC82700BD438F /* Models */ = {
			isa = PBXGroup;
			children = (
				531B56EA24CEC83800BD438F /* Follower.swift */,
				531B56EC24CEC9E600BD438F /* User.swift */,
			);
			path = Models;
			sourceTree = "<group>";
		};
		53814D5924C96EBD00D3D3CE = {
			isa = PBXGroup;
			children = (
				53814D6424C96EBD00D3D3CE /* Github followers */,
				53814D6324C96EBD00D3D3CE /* Products */,
			);
			sourceTree = "<group>";
		};
		53814D6324C96EBD00D3D3CE /* Products */ = {
			isa = PBXGroup;
			children = (
				53814D6224C96EBD00D3D3CE /* Github followers.app */,
			);
			name = Products;
			sourceTree = "<group>";
		};
		53814D6424C96EBD00D3D3CE /* Github followers */ = {
			isa = PBXGroup;
			children = (
				531B56E924CEC82700BD438F /* Models */,
				531B56E624CEC2D200BD438F /* Custom Views */,
				531B56E724CEC33A00BD438F /* Extensions */,
				531B56E524CEC2B900BD438F /* Screens */,
				531B56E824CEC34600BD438F /* Support */,
			);
			path = "Github followers";
			sourceTree = "<group>";
		};
/* End PBXGroup section */

/* Begin PBXNativeTarget section */
		53814D6124C96EBD00D3D3CE /* Github followers */ = {
			isa = PBXNativeTarget;
			buildConfigurationList = 53814D7624C96EC300D3D3CE /* Build configuration list for PBXNativeTarget "Github followers" */;
			buildPhases = (
				53814D5E24C96EBD00D3D3CE /* Sources */,
				53814D5F24C96EBD00D3D3CE /* Frameworks */,
				53814D6024C96EBD00D3D3CE /* Resources */,
			);
			buildRules = (
			);
			dependencies = (
			);
			name = "Github followers";
			productName = "Github followers";
			productReference = 53814D6224C96EBD00D3D3CE /* Github followers.app */;
			productType = "com.apple.product-type.application";
		};
/* End PBXNativeTarget section */

/* Begin PBXProject section */
		53814D5A24C96EBD00D3D3CE /* Project object */ = {
			isa = PBXProject;
			attributes = {
				LastSwiftUpdateCheck = 1130;
				LastUpgradeCheck = 1130;
				ORGANIZATIONNAME = "Oleksandr Myronovych";
				TargetAttributes = {
					53814D6124C96EBD00D3D3CE = {
						CreatedOnToolsVersion = 11.3.1;
					};
				};
			};
			buildConfigurationList = 53814D5D24C96EBD00D3D3CE /* Build configuration list for PBXProject "Github followers" */;
			compatibilityVersion = "Xcode 9.3";
			developmentRegion = en;
			hasScannedForEncodings = 0;
			knownRegions = (
				en,
				Base,
			);
			mainGroup = 53814D5924C96EBD00D3D3CE;
			productRefGroup = 53814D6324C96EBD00D3D3CE /* Products */;
			projectDirPath = "";
			projectRoot = "";
			targets = (
				53814D6124C96EBD00D3D3CE /* Github followers */,
			);
		};
/* End PBXProject section */

/* Begin PBXResourcesBuildPhase section */
		53814D6024C96EBD00D3D3CE /* Resources */ = {
			isa = PBXResourcesBuildPhase;
			buildActionMask = 2147483647;
			files = (
				53814D7224C96EC300D3D3CE /* LaunchScreen.storyboard in Resources */,
				53814D6F24C96EC300D3D3CE /* Assets.xcassets in Resources */,
			);
			runOnlyForDeploymentPostprocessing = 0;
		};
/* End PBXResourcesBuildPhase section */

/* Begin PBXSourcesBuildPhase section */
		53814D5E24C96EBD00D3D3CE /* Sources */ = {
			isa = PBXSourcesBuildPhase;
			buildActionMask = 2147483647;
			files = (
				531B56ED24CEC9E600BD438F /* User.swift in Sources */,
				531B562E24CC639A00BD438F /* GFAlertViewController.swift in Sources */,
				53814D8024C9A6D400D3D3CE /* GFTextField.swift in Sources */,
				53814D7A24C9839800D3D3CE /* SearchViewController.swift in Sources */,
				53814D7E24C9A55E00D3D3CE /* GFButton.swift in Sources */,
				531B563024CC846E00BD438F /* UIViewController+Alert.swift in Sources */,
				531B562824CC492600BD438F /* FollowersListViewController.swift in Sources */,
				531B562C24CC628A00BD438F /* GFBodyLabel.swift in Sources */,
				531B56EB24CEC83800BD438F /* Follower.swift in Sources */,
				531B562A24CC5F5900BD438F /* GFTitleLabel.swift in Sources */,
				53814D6624C96EBE00D3D3CE /* AppDelegate.swift in Sources */,
				53814D7C24C983BD00D3D3CE /* FavoritesViewController.swift in Sources */,
				53814D6824C96EBE00D3D3CE /* SceneDelegate.swift in Sources */,
			);
			runOnlyForDeploymentPostprocessing = 0;
		};
/* End PBXSourcesBuildPhase section */

/* Begin PBXVariantGroup section */
		53814D7024C96EC300D3D3CE /* LaunchScreen.storyboard */ = {
			isa = PBXVariantGroup;
			children = (
				53814D7124C96EC300D3D3CE /* Base */,
			);
			name = LaunchScreen.storyboard;
			sourceTree = "<group>";
		};
/* End PBXVariantGroup section */

/* Begin XCBuildConfiguration section */
		53814D7424C96EC300D3D3CE /* Debug */ = {
			isa = XCBuildConfiguration;
			buildSettings = {
				ALWAYS_SEARCH_USER_PATHS = NO;
				CLANG_ANALYZER_NONNULL = YES;
				CLANG_ANALYZER_NUMBER_OBJECT_CONVERSION = YES_AGGRESSIVE;
				CLANG_CXX_LANGUAGE_STANDARD = "gnu++14";
				CLANG_CXX_LIBRARY = "libc++";
				CLANG_ENABLE_MODULES = YES;
				CLANG_ENABLE_OBJC_ARC = YES;
				CLANG_ENABLE_OBJC_WEAK = YES;
				CLANG_WARN_BLOCK_CAPTURE_AUTORELEASING = YES;
				CLANG_WARN_BOOL_CONVERSION = YES;
				CLANG_WARN_COMMA = YES;
				CLANG_WARN_CONSTANT_CONVERSION = YES;
				CLANG_WARN_DEPRECATED_OBJC_IMPLEMENTATIONS = YES;
				CLANG_WARN_DIRECT_OBJC_ISA_USAGE = YES_ERROR;
				CLANG_WARN_DOCUMENTATION_COMMENTS = YES;
				CLANG_WARN_EMPTY_BODY = YES;
				CLANG_WARN_ENUM_CONVERSION = YES;
				CLANG_WARN_INFINITE_RECURSION = YES;
				CLANG_WARN_INT_CONVERSION = YES;
				CLANG_WARN_NON_LITERAL_NULL_CONVERSION = YES;
				CLANG_WARN_OBJC_IMPLICIT_RETAIN_SELF = YES;
				CLANG_WARN_OBJC_LITERAL_CONVERSION = YES;
				CLANG_WARN_OBJC_ROOT_CLASS = YES_ERROR;
				CLANG_WARN_RANGE_LOOP_ANALYSIS = YES;
				CLANG_WARN_STRICT_PROTOTYPES = YES;
				CLANG_WARN_SUSPICIOUS_MOVE = YES;
				CLANG_WARN_UNGUARDED_AVAILABILITY = YES_AGGRESSIVE;
				CLANG_WARN_UNREACHABLE_CODE = YES;
				CLANG_WARN__DUPLICATE_METHOD_MATCH = YES;
				COPY_PHASE_STRIP = NO;
				DEBUG_INFORMATION_FORMAT = dwarf;
				ENABLE_STRICT_OBJC_MSGSEND = YES;
				ENABLE_TESTABILITY = YES;
				GCC_C_LANGUAGE_STANDARD = gnu11;
				GCC_DYNAMIC_NO_PIC = NO;
				GCC_NO_COMMON_BLOCKS = YES;
				GCC_OPTIMIZATION_LEVEL = 0;
				GCC_PREPROCESSOR_DEFINITIONS = (
					"DEBUG=1",
					"$(inherited)",
				);
				GCC_WARN_64_TO_32_BIT_CONVERSION = YES;
				GCC_WARN_ABOUT_RETURN_TYPE = YES_ERROR;
				GCC_WARN_UNDECLARED_SELECTOR = YES;
				GCC_WARN_UNINITIALIZED_AUTOS = YES_AGGRESSIVE;
				GCC_WARN_UNUSED_FUNCTION = YES;
				GCC_WARN_UNUSED_VARIABLE = YES;
				IPHONEOS_DEPLOYMENT_TARGET = 13.2;
				MTL_ENABLE_DEBUG_INFO = INCLUDE_SOURCE;
				MTL_FAST_MATH = YES;
				ONLY_ACTIVE_ARCH = YES;
				SDKROOT = iphoneos;
				SWIFT_ACTIVE_COMPILATION_CONDITIONS = DEBUG;
				SWIFT_OPTIMIZATION_LEVEL = "-Onone";
			};
			name = Debug;
		};
		53814D7524C96EC300D3D3CE /* Release */ = {
			isa = XCBuildConfiguration;
			buildSettings = {
				ALWAYS_SEARCH_USER_PATHS = NO;
				CLANG_ANALYZER_NONNULL = YES;
				CLANG_ANALYZER_NUMBER_OBJECT_CONVERSION = YES_AGGRESSIVE;
				CLANG_CXX_LANGUAGE_STANDARD = "gnu++14";
				CLANG_CXX_LIBRARY = "libc++";
				CLANG_ENABLE_MODULES = YES;
				CLANG_ENABLE_OBJC_ARC = YES;
				CLANG_ENABLE_OBJC_WEAK = YES;
				CLANG_WARN_BLOCK_CAPTURE_AUTORELEASING = YES;
				CLANG_WARN_BOOL_CONVERSION = YES;
				CLANG_WARN_COMMA = YES;
				CLANG_WARN_CONSTANT_CONVERSION = YES;
				CLANG_WARN_DEPRECATED_OBJC_IMPLEMENTATIONS = YES;
				CLANG_WARN_DIRECT_OBJC_ISA_USAGE = YES_ERROR;
				CLANG_WARN_DOCUMENTATION_COMMENTS = YES;
				CLANG_WARN_EMPTY_BODY = YES;
				CLANG_WARN_ENUM_CONVERSION = YES;
				CLANG_WARN_INFINITE_RECURSION = YES;
				CLANG_WARN_INT_CONVERSION = YES;
				CLANG_WARN_NON_LITERAL_NULL_CONVERSION = YES;
				CLANG_WARN_OBJC_IMPLICIT_RETAIN_SELF = YES;
				CLANG_WARN_OBJC_LITERAL_CONVERSION = YES;
				CLANG_WARN_OBJC_ROOT_CLASS = YES_ERROR;
				CLANG_WARN_RANGE_LOOP_ANALYSIS = YES;
				CLANG_WARN_STRICT_PROTOTYPES = YES;
				CLANG_WARN_SUSPICIOUS_MOVE = YES;
				CLANG_WARN_UNGUARDED_AVAILABILITY = YES_AGGRESSIVE;
				CLANG_WARN_UNREACHABLE_CODE = YES;
				CLANG_WARN__DUPLICATE_METHOD_MATCH = YES;
				COPY_PHASE_STRIP = NO;
				DEBUG_INFORMATION_FORMAT = "dwarf-with-dsym";
				ENABLE_NS_ASSERTIONS = NO;
				ENABLE_STRICT_OBJC_MSGSEND = YES;
				GCC_C_LANGUAGE_STANDARD = gnu11;
				GCC_NO_COMMON_BLOCKS = YES;
				GCC_WARN_64_TO_32_BIT_CONVERSION = YES;
				GCC_WARN_ABOUT_RETURN_TYPE = YES_ERROR;
				GCC_WARN_UNDECLARED_SELECTOR = YES;
				GCC_WARN_UNINITIALIZED_AUTOS = YES_AGGRESSIVE;
				GCC_WARN_UNUSED_FUNCTION = YES;
				GCC_WARN_UNUSED_VARIABLE = YES;
				IPHONEOS_DEPLOYMENT_TARGET = 13.2;
				MTL_ENABLE_DEBUG_INFO = NO;
				MTL_FAST_MATH = YES;
				SDKROOT = iphoneos;
				SWIFT_COMPILATION_MODE = wholemodule;
				SWIFT_OPTIMIZATION_LEVEL = "-O";
				VALIDATE_PRODUCT = YES;
			};
			name = Release;
		};
		53814D7724C96EC300D3D3CE /* Debug */ = {
			isa = XCBuildConfiguration;
			buildSettings = {
				ASSETCATALOG_COMPILER_APPICON_NAME = AppIcon;
				CODE_SIGN_STYLE = Automatic;
				DEVELOPMENT_TEAM = JV68FYXAF2;
				INFOPLIST_FILE = "Github followers/Support/Info.plist";
				LD_RUNPATH_SEARCH_PATHS = (
					"$(inherited)",
					"@executable_path/Frameworks",
				);
				PRODUCT_BUNDLE_IDENTIFIER = "me.Myronovych.Oleksandr.Github-followers";
				PRODUCT_NAME = "$(TARGET_NAME)";
				SWIFT_VERSION = 5.0;
				TARGETED_DEVICE_FAMILY = 1;
			};
			name = Debug;
		};
		53814D7824C96EC300D3D3CE /* Release */ = {
			isa = XCBuildConfiguration;
			buildSettings = {
				ASSETCATALOG_COMPILER_APPICON_NAME = AppIcon;
				CODE_SIGN_STYLE = Automatic;
				DEVELOPMENT_TEAM = JV68FYXAF2;
				INFOPLIST_FILE = "Github followers/Support/Info.plist";
				LD_RUNPATH_SEARCH_PATHS = (
					"$(inherited)",
					"@executable_path/Frameworks",
				);
				PRODUCT_BUNDLE_IDENTIFIER = "me.Myronovych.Oleksandr.Github-followers";
				PRODUCT_NAME = "$(TARGET_NAME)";
				SWIFT_VERSION = 5.0;
				TARGETED_DEVICE_FAMILY = 1;
			};
			name = Release;
		};
/* End XCBuildConfiguration section */

/* Begin XCConfigurationList section */
		53814D5D24C96EBD00D3D3CE /* Build configuration list for PBXProject "Github followers" */ = {
			isa = XCConfigurationList;
			buildConfigurations = (
				53814D7424C96EC300D3D3CE /* Debug */,
				53814D7524C96EC300D3D3CE /* Release */,
			);
			defaultConfigurationIsVisible = 0;
			defaultConfigurationName = Release;
		};
		53814D7624C96EC300D3D3CE /* Build configuration list for PBXNativeTarget "Github followers" */ = {
			isa = XCConfigurationList;
			buildConfigurations = (
				53814D7724C96EC300D3D3CE /* Debug */,
				53814D7824C96EC300D3D3CE /* Release */,
			);
			defaultConfigurationIsVisible = 0;
			defaultConfigurationName = Release;
		};
/* End XCConfigurationList section */
	};
	rootObject = 53814D5A24C96EBD00D3D3CE /* Project object */;
}
